{
  "requires": true,
  "lockfileVersion": 1,
  "dependencies": {
    "now": {
      "version": "8.3.11",
      "resolved": "https://registry.npmjs.org/now/-/now-8.3.11.tgz",
      "integrity": "sha512-+Kn5ZhcQJBy+bj1FVvUobKbuosRojqNWnPcQy6HJVEOJiUmx/i7UzQyGF1Q0VHRkDK3gdmBqpoYvTqKkD3hqSA=="
    }
  }
}
